// !$*UTF8*$!
{
	archiveVersion = 1;
	classes = {
	};
	objectVersion = 50;
	objects = {

/* Begin PBXBuildFile section */
		D985D7AB26DB9E7100EB055D /* AppDelegate.swift in Sources */ = {isa = PBXBuildFile; fileRef = D985D7AA26DB9E7100EB055D /* AppDelegate.swift */; };
		D985D7AD26DB9E7100EB055D /* SceneDelegate.swift in Sources */ = {isa = PBXBuildFile; fileRef = D985D7AC26DB9E7100EB055D /* SceneDelegate.swift */; };
		D985D7AF26DB9E7100EB055D /* ViewController.swift in Sources */ = {isa = PBXBuildFile; fileRef = D985D7AE26DB9E7100EB055D /* ViewController.swift */; };
		D985D7B226DB9E7100EB055D /* Main.storyboard in Resources */ = {isa = PBXBuildFile; fileRef = D985D7B026DB9E7100EB055D /* Main.storyboard */; };
		D985D7B426DB9E7300EB055D /* Assets.xcassets in Resources */ = {isa = PBXBuildFile; fileRef = D985D7B326DB9E7300EB055D /* Assets.xcassets */; };
		D985D7B726DB9E7300EB055D /* LaunchScreen.storyboard in Resources */ = {isa = PBXBuildFile; fileRef = D985D7B526DB9E7300EB055D /* LaunchScreen.storyboard */; };
/* End PBXBuildFile section */

/* Begin PBXFileReference section */
		D985D7A726DB9E7100EB055D /* GitHubPractice.app */ = {isa = PBXFileReference; explicitFileType = wrapper.application; includeInIndex = 0; path = GitHubPractice.app; sourceTree = BUILT_PRODUCTS_DIR; };
		D985D7AA26DB9E7100EB055D /* AppDelegate.swift */ = {isa = PBXFileReference; lastKnownFileType = sourcecode.swift; path = AppDelegate.swift; sourceTree = "<group>"; };
		D985D7AC26DB9E7100EB055D /* SceneDelegate.swift */ = {isa = PBXFileReference; lastKnownFileType = sourcecode.swift; path = SceneDelegate.swift; sourceTree = "<group>"; };
		D985D7AE26DB9E7100EB055D /* ViewController.swift */ = {isa = PBXFileReference; lastKnownFileType = sourcecode.swift; path = ViewController.swift; sourceTree = "<group>"; };
		D985D7B126DB9E7100EB055D /* Base */ = {isa = PBXFileReference; lastKnownFileType = file.storyboard; name = Base; path = Base.lproj/Main.storyboard; sourceTree = "<group>"; };
		D985D7B326DB9E7300EB055D /* Assets.xcassets */ = {isa = PBXFileReference; lastKnownFileType = folder.assetcatalog; path = Assets.xcassets; sourceTree = "<group>"; };
		D985D7B626DB9E7300EB055D /* Base */ = {isa = PBXFileReference; lastKnownFileType = file.storyboard; name = Base; path = Base.lproj/LaunchScreen.storyboard; sourceTree = "<group>"; };
		D985D7B826DB9E7300EB055D /* Info.plist */ = {isa = PBXFileReference; lastKnownFileType = text.plist.xml; path = Info.plist; sourceTree = "<group>"; };
/* End PBXFileReference section */

/* Begin PBXFrameworksBuildPhase section */
		D985D7A426DB9E7100EB055D /* Frameworks */ = {
			isa = PBXFrameworksBuildPhase;
			buildActionMask = 2147483647;
			files = (
			);
			runOnlyForDeploymentPostprocessing = 0;
		};
/* End PBXFrameworksBuildPhase section */

/* Begin PBXGroup section */
		D985D79E26DB9E7100EB055D = {
			isa = PBXGroup;
			children = (
				D985D7A926DB9E7100EB055D /* GitHubPractice */,
				D985D7A826DB9E7100EB055D /* Products */,
			);
			sourceTree = "<group>";
		};
		D985D7A826DB9E7100EB055D /* Products */ = {
			isa = PBXGroup;
			children = (
				D985D7A726DB9E7100EB055D /* GitHubPractice.app */,
			);
			name = Products;
			sourceTree = "<group>";
		};
		D985D7A926DB9E7100EB055D /* GitHubPractice */ = {
			isa = PBXGroup;
			children = (
				D985D7AA26DB9E7100EB055D /* AppDelegate.swift */,
				D985D7AC26DB9E7100EB055D /* SceneDelegate.swift */,
				D985D7AE26DB9E7100EB055D /* ViewController.swift */,
				D985D7B026DB9E7100EB055D /* Main.storyboard */,
				D985D7B326DB9E7300EB055D /* Assets.xcassets */,
				D985D7B526DB9E7300EB055D /* LaunchScreen.storyboard */,
				D985D7B826DB9E7300EB055D /* Info.plist */,
			);
			path = GitHubPractice;
			sourceTree = "<group>";
		};
/* End PBXGroup section */

/* Begin PBXNativeTarget section */
		D985D7A626DB9E7100EB055D /* GitHubPractice */ = {
			isa = PBXNativeTarget;
			buildConfigurationList = D985D7BB26DB9E7300EB055D /* Build configuration list for PBXNativeTarget "GitHubPractice" */;
			buildPhases = (
				D985D7A326DB9E7100EB055D /* Sources */,
				D985D7A426DB9E7100EB055D /* Frameworks */,
				D985D7A526DB9E7100EB055D /* Resources */,
			);
			buildRules = (
			);
			dependencies = (
			);
			name = GitHubPractice;
			productName = GitHubPractice;
			productReference = D985D7A726DB9E7100EB055D /* GitHubPractice.app */;
			productType = "com.apple.product-type.application";
		};
/* End PBXNativeTarget section */

/* Begin PBXProject section */
		D985D79F26DB9E7100EB055D /* Project object */ = {
			isa = PBXProject;
			attributes = {
				LastSwiftUpdateCheck = 1120;
				LastUpgradeCheck = 1120;
				ORGANIZATIONNAME = NotOne;
				TargetAttributes = {
					D985D7A626DB9E7100EB055D = {
						CreatedOnToolsVersion = 11.2.1;
					};
				};
			};
			buildConfigurationList = D985D7A226DB9E7100EB055D /* Build configuration list for PBXProject "GitHubPractice" */;
			compatibilityVersion = "Xcode 9.3";
			developmentRegion = en;
			hasScannedForEncodings = 0;
			knownRegions = (
				en,
				Base,
			);
			mainGroup = D985D79E26DB9E7100EB055D;
			productRefGroup = D985D7A826DB9E7100EB055D /* Products */;
			projectDirPath = "";
			projectRoot = "";
			targets = (
				D985D7A626DB9E7100EB055D /* GitHubPractice */,
			);
		};
/* End PBXProject section */

/* Begin PBXResourcesBuildPhase section */
		D985D7A526DB9E7100EB055D /* Resources */ = {
			isa = PBXResourcesBuildPhase;
			buildActionMask = 2147483647;
			files = (
				D985D7B726DB9E7300EB055D /* LaunchScreen.storyboard in Resources */,
				D985D7B426DB9E7300EB055D /* Assets.xcassets in Resources */,
				D985D7B226DB9E7100EB055D /* Main.storyboard in Resources */,
			);
			runOnlyForDeploymentPostprocessing = 0;
		};
/* End PBXResourcesBuildPhase section */

/* Begin PBXSourcesBuildPhase section */
		D985D7A326DB9E7100EB055D /* Sources */ = {
			isa = PBXSourcesBuildPhase;
			buildActionMask = 2147483647;
			files = (
				D985D7AF26DB9E7100EB055D /* ViewController.swift in Sources */,
				D985D7AB26DB9E7100EB055D /* AppDelegate.swift in Sources */,
				D985D7AD26DB9E7100EB055D /* SceneDelegate.swift in Sources */,
			);
			runOnlyForDeploymentPostprocessing = 0;
		};
/* End PBXSourcesBuildPhase section */

/* Begin PBXVariantGroup section */
		D985D7B026DB9E7100EB055D /* Main.storyboard */ = {
			isa = PBXVariantGroup;
			children = (
				D985D7B126DB9E7100EB055D /* Base */,
			);
			name = Main.storyboard;
			sourceTree = "<group>";
		};
		D985D7B526DB9E7300EB055D /* LaunchScreen.storyboard */ = {
			isa = PBXVariantGroup;
			children = (
				D985D7B626DB9E7300EB055D /* Base */,
			);
			name = LaunchScreen.storyboard;
			sourceTree = "<group>";
		};
/* End PBXVariantGroup section */

/* Begin XCBuildConfiguration section */
		D985D7B926DB9E7300EB055D /* Debug */ = {
			isa = XCBuildConfiguration;
			buildSettings = {
				ALWAYS_SEARCH_USER_PATHS = NO;
				CLANG_ANALYZER_NONNULL = YES;
				CLANG_ANALYZER_NUMBER_OBJECT_CONVERSION = YES_AGGRESSIVE;
				CLANG_CXX_LANGUAGE_STANDARD = "gnu++14";
				CLANG_CXX_LIBRARY = "libc++";
				CLANG_ENABLE_MODULES = YES;
				CLANG_ENABLE_OBJC_ARC = YES;
				CLANG_ENABLE_OBJC_WEAK = YES;
				CLANG_WARN_BLOCK_CAPTURE_AUTORELEASING = YES;
				CLANG_WARN_BOOL_CONVERSION = YES;
				CLANG_WARN_COMMA = YES;
				CLANG_WARN_CONSTANT_CONVERSION = YES;
				CLANG_WARN_DEPRECATED_OBJC_IMPLEMENTATIONS = YES;
				CLANG_WARN_DIRECT_OBJC_ISA_USAGE = YES_ERROR;
				CLANG_WARN_DOCUMENTATION_COMMENTS = YES;
				CLANG_WARN_EMPTY_BODY = YES;
				CLANG_WARN_ENUM_CONVERSION = YES;
				CLANG_WARN_INFINITE_RECURSION = YES;
				CLANG_WARN_INT_CONVERSION = YES;
				CLANG_WARN_NON_LITERAL_NULL_CONVERSION = YES;
				CLANG_WARN_OBJC_IMPLICIT_RETAIN_SELF = YES;
				CLANG_WARN_OBJC_LITERAL_CONVERSION = YES;
				CLANG_WARN_OBJC_ROOT_CLASS = YES_ERROR;
				CLANG_WARN_RANGE_LOOP_ANALYSIS = YES;
				CLANG_WARN_STRICT_PROTOTYPES = YES;
				CLANG_WARN_SUSPICIOUS_MOVE = YES;
				CLANG_WARN_UNGUARDED_AVAILABILITY = YES_AGGRESSIVE;
				CLANG_WARN_UNREACHABLE_CODE = YES;
				CLANG_WARN__DUPLICATE_METHOD_MATCH = YES;
				COPY_PHASE_STRIP = NO;
				DEBUG_INFORMATION_FORMAT = dwarf;
				ENABLE_STRICT_OBJC_MSGSEND = YES;
				ENABLE_TESTABILITY = YES;
				GCC_C_LANGUAGE_STANDARD = gnu11;
				GCC_DYNAMIC_NO_PIC = NO;
				GCC_NO_COMMON_BLOCKS = YES;
				GCC_OPTIMIZATION_LEVEL = 0;
				GCC_PREPROCESSOR_DEFINITIONS = (
					"DEBUG=1",
					"$(inherited)",
				);
				GCC_WARN_64_TO_32_BIT_CONVERSION = YES;
				GCC_WARN_ABOUT_RETURN_TYPE = YES_ERROR;
				GCC_WARN_UNDECLARED_SELECTOR = YES;
				GCC_WARN_UNINITIALIZED_AUTOS = YES_AGGRESSIVE;
				GCC_WARN_UNUSED_FUNCTION = YES;
				GCC_WARN_UNUSED_VARIABLE = YES;
				IPHONEOS_DEPLOYMENT_TARGET = 13.2;
				MTL_ENABLE_DEBUG_INFO = INCLUDE_SOURCE;
				MTL_FAST_MATH = YES;
				ONLY_ACTIVE_ARCH = YES;
				SDKROOT = iphoneos;
				SWIFT_ACTIVE_COMPILATION_CONDITIONS = DEBUG;
				SWIFT_OPTIMIZATION_LEVEL = "-Onone";
			};
			name = Debug;
		};
		D985D7BA26DB9E7300EB055D /* Release */ = {
			isa = XCBuildConfiguration;
			buildSettings = {
				ALWAYS_SEARCH_USER_PATHS = NO;
				CLANG_ANALYZER_NONNULL = YES;
				CLANG_ANALYZER_NUMBER_OBJECT_CONVERSION = YES_AGGRESSIVE;
				CLANG_CXX_LANGUAGE_STANDARD = "gnu++14";
				CLANG_CXX_LIBRARY = "libc++";
				CLANG_ENABLE_MODULES = YES;
				CLANG_ENABLE_OBJC_ARC = YES;
				CLANG_ENABLE_OBJC_WEAK = YES;
				CLANG_WARN_BLOCK_CAPTURE_AUTORELEASING = YES;
				CLANG_WARN_BOOL_CONVERSION = YES;
				CLANG_WARN_COMMA = YES;
				CLANG_WARN_CONSTANT_CONVERSION = YES;
				CLANG_WARN_DEPRECATED_OBJC_IMPLEMENTATIONS = YES;
				CLANG_WARN_DIRECT_OBJC_ISA_USAGE = YES_ERROR;
				CLANG_WARN_DOCUMENTATION_COMMENTS = YES;
				CLANG_WARN_EMPTY_BODY = YES;
				CLANG_WARN_ENUM_CONVERSION = YES;
				CLANG_WARN_INFINITE_RECURSION = YES;
				CLANG_WARN_INT_CONVERSION = YES;
				CLANG_WARN_NON_LITERAL_NULL_CONVERSION = YES;
				CLANG_WARN_OBJC_IMPLICIT_RETAIN_SELF = YES;
				CLANG_WARN_OBJC_LITERAL_CONVERSION = YES;
				CLANG_WARN_OBJC_ROOT_CLASS = YES_ERROR;
				CLANG_WARN_RANGE_LOOP_ANALYSIS = YES;
				CLANG_WARN_STRICT_PROTOTYPES = YES;
				CLANG_WARN_SUSPICIOUS_MOVE = YES;
				CLANG_WARN_UNGUARDED_AVAILABILITY = YES_AGGRESSIVE;
				CLANG_WARN_UNREACHABLE_CODE = YES;
				CLANG_WARN__DUPLICATE_METHOD_MATCH = YES;
				COPY_PHASE_STRIP = NO;
				DEBUG_INFORMATION_FORMAT = "dwarf-with-dsym";
				ENABLE_NS_ASSERTIONS = NO;
				ENABLE_STRICT_OBJC_MSGSEND = YES;
				GCC_C_LANGUAGE_STANDARD = gnu11;
				GCC_NO_COMMON_BLOCKS = YES;
				GCC_WARN_64_TO_32_BIT_CONVERSION = YES;
				GCC_WARN_ABOUT_RETURN_TYPE = YES_ERROR;
				GCC_WARN_UNDECLARED_SELECTOR = YES;
				GCC_WARN_UNINITIALIZED_AUTOS = YES_AGGRESSIVE;
				GCC_WARN_UNUSED_FUNCTION = YES;
				GCC_WARN_UNUSED_VARIABLE = YES;
				IPHONEOS_DEPLOYMENT_TARGET = 13.2;
				MTL_ENABLE_DEBUG_INFO = NO;
				MTL_FAST_MATH = YES;
				SDKROOT = iphoneos;
				SWIFT_COMPILATION_MODE = wholemodule;
				SWIFT_OPTIMIZATION_LEVEL = "-O";
				VALIDATE_PRODUCT = YES;
			};
			name = Release;
		};
		D985D7BC26DB9E7300EB055D /* Debug */ = {
			isa = XCBuildConfiguration;
			buildSettings = {
				ASSETCATALOG_COMPILER_APPICON_NAME = AppIcon;
				CODE_SIGN_STYLE = Automatic;
				INFOPLIST_FILE = GitHubPractice/Info.plist;
				LD_RUNPATH_SEARCH_PATHS = (
					"$(inherited)",
					"@executable_path/Frameworks",
				);
				PRODUCT_BUNDLE_IDENTIFIER = com.sunilgondil.GitHubPractice;
				PRODUCT_NAME = "$(TARGET_NAME)";
				SWIFT_VERSION = 5.0;
				TARGETED_DEVICE_FAMILY = "1,2";
			};
			name = Debug;
		};
		D985D7BD26DB9E7300EB055D /* Release */ = {
			isa = XCBuildConfiguration;
			buildSettings = {
				ASSETCATALOG_COMPILER_APPICON_NAME = AppIcon;
				CODE_SIGN_STYLE = Automatic;
				INFOPLIST_FILE = GitHubPractice/Info.plist;
				LD_RUNPATH_SEARCH_PATHS = (
					"$(inherited)",
					"@executable_path/Frameworks",
				);
				PRODUCT_BUNDLE_IDENTIFIER = com.sunilgondil.GitHubPractice;
				PRODUCT_NAME = "$(TARGET_NAME)";
				SWIFT_VERSION = 5.0;
				TARGETED_DEVICE_FAMILY = "1,2";
			};
			name = Release;
		};
/* End XCBuildConfiguration section */

/* Begin XCConfigurationList section */
		D985D7A226DB9E7100EB055D /* Build configuration list for PBXProject "GitHubPractice" */ = {
			isa = XCConfigurationList;
			buildConfigurations = (
				D985D7B926DB9E7300EB055D /* Debug */,
				D985D7BA26DB9E7300EB055D /* Release */,
			);
			defaultConfigurationIsVisible = 0;
			defaultConfigurationName = Release;
		};
		D985D7BB26DB9E7300EB055D /* Build configuration list for PBXNativeTarget "GitHubPractice" */ = {
			isa = XCConfigurationList;
			buildConfigurations = (
				D985D7BC26DB9E7300EB055D /* Debug */,
				D985D7BD26DB9E7300EB055D /* Release */,
			);
			defaultConfigurationIsVisible = 0;
			defaultConfigurationName = Release;
		};
/* End XCConfigurationList section */
	};
	rootObject = D985D79F26DB9E7100EB055D /* Project object */;
}
